
Microsoft Visual Studio Solution File, Format Version 12.00
# Visual Studio Version 16
VisualStudioVersion = 16.0.30002.166
MinimumVisualStudioVersion = 10.0.40219.1
Project("{FAE04EC0-301F-11D3-BF4B-00C04F79EFBC}") = "Lab2(Students)", "Lab2(Students)\Lab2(Students).csproj", "{1DA1E43E-B53F-46C5-A276-A358005634B6}"
EndProject
Global
	GlobalSection(SolutionConfigurationPlatforms) = preSolution
		Debug|Any CPU = Debug|Any CPU
		Release|Any CPU = Release|Any CPU
	EndGlobalSection
	GlobalSection(ProjectConfigurationPlatforms) = postSolution
		{1DA1E43E-B53F-46C5-A276-A358005634B6}.Debug|Any CPU.ActiveCfg = Debug|Any CPU
		{1DA1E43E-B53F-46C5-A276-A358005634B6}.Debug|Any CPU.Build.0 = Debug|Any CPU
		{1DA1E43E-B53F-46C5-A276-A358005634B6}.Release|Any CPU.ActiveCfg = Release|Any CPU
		{1DA1E43E-B53F-46C5-A276-A358005634B6}.Release|Any CPU.Build.0 = Release|Any CPU
	EndGlobalSection
	GlobalSection(SolutionProperties) = preSolution
		HideSolutionNode = FALSE
	EndGlobalSection
	GlobalSection(ExtensibilityGlobals) = postSolution
		SolutionGuid = {20C81FAC-D4AB-4D9D-A685-605A4794FD72}
	EndGlobalSection
EndGlobal
